// !$*UTF8*$!
{
	archiveVersion = 1;
	classes = {
	};
	objectVersion = 46;
	objects = {

/* Begin PBXBuildFile section */
		6E719E7F1DAFA289008BB233 /* GoogleService-Info.plist in Resources */ = {isa = PBXBuildFile; fileRef = 6E719E7E1DAFA289008BB233 /* GoogleService-Info.plist */; };
		C08270C71B4D63A800E343D4 /* AppDelegate.swift in Sources */ = {isa = PBXBuildFile; fileRef = C08270C61B4D63A800E343D4 /* AppDelegate.swift */; };
		C08270C91B4D63A800E343D4 /* ViewController.swift in Sources */ = {isa = PBXBuildFile; fileRef = C08270C81B4D63A800E343D4 /* ViewController.swift */; };
		C08270CC1B4D63A800E343D4 /* Main.storyboard in Resources */ = {isa = PBXBuildFile; fileRef = C08270CA1B4D63A800E343D4 /* Main.storyboard */; };
		C08270CE1B4D63A800E343D4 /* Images.xcassets in Resources */ = {isa = PBXBuildFile; fileRef = C08270CD1B4D63A800E343D4 /* Images.xcassets */; };
		C08270D11B4D63A800E343D4 /* LaunchScreen.xib in Resources */ = {isa = PBXBuildFile; fileRef = C08270CF1B4D63A800E343D4 /* LaunchScreen.xib */; };
		C08270DD1B4D63A800E343D4 /* GSignInTests.swift in Sources */ = {isa = PBXBuildFile; fileRef = C08270DC1B4D63A800E343D4 /* GSignInTests.swift */; };
		C08270E71B4D641D00E343D4 /* ContentViewController.swift in Sources */ = {isa = PBXBuildFile; fileRef = C08270E61B4D641D00E343D4 /* ContentViewController.swift */; };
		C08270EC1B4D69FF00E343D4 /* GoogleSignIn.framework in Frameworks */ = {isa = PBXBuildFile; fileRef = C08270EB1B4D69FF00E343D4 /* GoogleSignIn.framework */; };
		C08270EE1B4D6A1800E343D4 /* GoogleSignIn.bundle in Resources */ = {isa = PBXBuildFile; fileRef = C08270ED1B4D6A1800E343D4 /* GoogleSignIn.bundle */; };
		C08270F01B4D6A7600E343D4 /* SystemConfiguration.framework in Frameworks */ = {isa = PBXBuildFile; fileRef = C08270EF1B4D6A7600E343D4 /* SystemConfiguration.framework */; };
		C08270F21B4D6A7E00E343D4 /* StoreKit.framework in Frameworks */ = {isa = PBXBuildFile; fileRef = C08270F11B4D6A7E00E343D4 /* StoreKit.framework */; };
		C08270F41B4D6A8600E343D4 /* AddressBook.framework in Frameworks */ = {isa = PBXBuildFile; fileRef = C08270F31B4D6A8600E343D4 /* AddressBook.framework */; };
/* End PBXBuildFile section */

/* Begin PBXContainerItemProxy section */
		C08270D71B4D63A800E343D4 /* PBXContainerItemProxy */ = {
			isa = PBXContainerItemProxy;
			containerPortal = C08270B91B4D63A800E343D4 /* Project object */;
			proxyType = 1;
			remoteGlobalIDString = C08270C01B4D63A800E343D4;
			remoteInfo = GSignIn;
		};
/* End PBXContainerItemProxy section */

/* Begin PBXFileReference section */
		6E719E7E1DAFA289008BB233 /* GoogleService-Info.plist */ = {isa = PBXFileReference; fileEncoding = 4; lastKnownFileType = text.plist.xml; path = "GoogleService-Info.plist"; sourceTree = "<group>"; };
		C08270C11B4D63A800E343D4 /* GSignIn.app */ = {isa = PBXFileReference; explicitFileType = wrapper.application; includeInIndex = 0; path = GSignIn.app; sourceTree = BUILT_PRODUCTS_DIR; };
		C08270C51B4D63A800E343D4 /* Info.plist */ = {isa = PBXFileReference; lastKnownFileType = text.plist.xml; path = Info.plist; sourceTree = "<group>"; };
		C08270C61B4D63A800E343D4 /* AppDelegate.swift */ = {isa = PBXFileReference; lastKnownFileType = sourcecode.swift; path = AppDelegate.swift; sourceTree = "<group>"; };
		C08270C81B4D63A800E343D4 /* ViewController.swift */ = {isa = PBXFileReference; lastKnownFileType = sourcecode.swift; path = ViewController.swift; sourceTree = "<group>"; };
		C08270CB1B4D63A800E343D4 /* Base */ = {isa = PBXFileReference; lastKnownFileType = file.storyboard; name = Base; path = Base.lproj/Main.storyboard; sourceTree = "<group>"; };
		C08270CD1B4D63A800E343D4 /* Images.xcassets */ = {isa = PBXFileReference; lastKnownFileType = folder.assetcatalog; path = Images.xcassets; sourceTree = "<group>"; };
		C08270D01B4D63A800E343D4 /* Base */ = {isa = PBXFileReference; lastKnownFileType = file.xib; name = Base; path = Base.lproj/LaunchScreen.xib; sourceTree = "<group>"; };
		C08270D61B4D63A800E343D4 /* GSignInTests.xctest */ = {isa = PBXFileReference; explicitFileType = wrapper.cfbundle; includeInIndex = 0; path = GSignInTests.xctest; sourceTree = BUILT_PRODUCTS_DIR; };
		C08270DB1B4D63A800E343D4 /* Info.plist */ = {isa = PBXFileReference; lastKnownFileType = text.plist.xml; path = Info.plist; sourceTree = "<group>"; };
		C08270DC1B4D63A800E343D4 /* GSignInTests.swift */ = {isa = PBXFileReference; lastKnownFileType = sourcecode.swift; path = GSignInTests.swift; sourceTree = "<group>"; };
		C08270E61B4D641D00E343D4 /* ContentViewController.swift */ = {isa = PBXFileReference; fileEncoding = 4; lastKnownFileType = sourcecode.swift; path = ContentViewController.swift; sourceTree = "<group>"; };
		C08270E81B4D65CE00E343D4 /* GSignIn-Bridging-Header.h */ = {isa = PBXFileReference; lastKnownFileType = sourcecode.c.h; path = "GSignIn-Bridging-Header.h"; sourceTree = "<group>"; };
		C08270EB1B4D69FF00E343D4 /* GoogleSignIn.framework */ = {isa = PBXFileReference; lastKnownFileType = wrapper.framework; name = GoogleSignIn.framework; path = GSignIn/GoogleSignIn.framework; sourceTree = "<group>"; };
		C08270ED1B4D6A1800E343D4 /* GoogleSignIn.bundle */ = {isa = PBXFileReference; lastKnownFileType = "wrapper.plug-in"; path = GoogleSignIn.bundle; sourceTree = "<group>"; };
		C08270EF1B4D6A7600E343D4 /* SystemConfiguration.framework */ = {isa = PBXFileReference; lastKnownFileType = wrapper.framework; name = SystemConfiguration.framework; path = System/Library/Frameworks/SystemConfiguration.framework; sourceTree = SDKROOT; };
		C08270F11B4D6A7E00E343D4 /* StoreKit.framework */ = {isa = PBXFileReference; lastKnownFileType = wrapper.framework; name = StoreKit.framework; path = System/Library/Frameworks/StoreKit.framework; sourceTree = SDKROOT; };
		C08270F31B4D6A8600E343D4 /* AddressBook.framework */ = {isa = PBXFileReference; lastKnownFileType = wrapper.framework; name = AddressBook.framework; path = System/Library/Frameworks/AddressBook.framework; sourceTree = SDKROOT; };
/* End PBXFileReference section */

/* Begin PBXFrameworksBuildPhase section */
		C08270BE1B4D63A800E343D4 /* Frameworks */ = {
			isa = PBXFrameworksBuildPhase;
			buildActionMask = 2147483647;
			files = (
				C08270F41B4D6A8600E343D4 /* AddressBook.framework in Frameworks */,
				C08270F21B4D6A7E00E343D4 /* StoreKit.framework in Frameworks */,
				C08270F01B4D6A7600E343D4 /* SystemConfiguration.framework in Frameworks */,
				C08270EC1B4D69FF00E343D4 /* GoogleSignIn.framework in Frameworks */,
			);
			runOnlyForDeploymentPostprocessing = 0;
		};
		C08270D31B4D63A800E343D4 /* Frameworks */ = {
			isa = PBXFrameworksBuildPhase;
			buildActionMask = 2147483647;
			files = (
			);
			runOnlyForDeploymentPostprocessing = 0;
		};
/* End PBXFrameworksBuildPhase section */

/* Begin PBXGroup section */
		C08270B81B4D63A800E343D4 = {
			isa = PBXGroup;
			children = (
				6E719E7E1DAFA289008BB233 /* GoogleService-Info.plist */,
				C08270ED1B4D6A1800E343D4 /* GoogleSignIn.bundle */,
				C08270EB1B4D69FF00E343D4 /* GoogleSignIn.framework */,
				C08270F31B4D6A8600E343D4 /* AddressBook.framework */,
				C08270F11B4D6A7E00E343D4 /* StoreKit.framework */,
				C08270EF1B4D6A7600E343D4 /* SystemConfiguration.framework */,
				C08270C31B4D63A800E343D4 /* GSignIn */,
				C08270D91B4D63A800E343D4 /* GSignInTests */,
				C08270C21B4D63A800E343D4 /* Products */,
			);
			sourceTree = "<group>";
		};
		C08270C21B4D63A800E343D4 /* Products */ = {
			isa = PBXGroup;
			children = (
				C08270C11B4D63A800E343D4 /* GSignIn.app */,
				C08270D61B4D63A800E343D4 /* GSignInTests.xctest */,
			);
			name = Products;
			sourceTree = "<group>";
		};
		C08270C31B4D63A800E343D4 /* GSignIn */ = {
			isa = PBXGroup;
			children = (
				C08270C61B4D63A800E343D4 /* AppDelegate.swift */,
				C08270C81B4D63A800E343D4 /* ViewController.swift */,
				C08270E61B4D641D00E343D4 /* ContentViewController.swift */,
				C08270CA1B4D63A800E343D4 /* Main.storyboard */,
				C08270E81B4D65CE00E343D4 /* GSignIn-Bridging-Header.h */,
				C08270CD1B4D63A800E343D4 /* Images.xcassets */,
				C08270CF1B4D63A800E343D4 /* LaunchScreen.xib */,
				C08270C41B4D63A800E343D4 /* Supporting Files */,
			);
			path = GSignIn;
			sourceTree = "<group>";
		};
		C08270C41B4D63A800E343D4 /* Supporting Files */ = {
			isa = PBXGroup;
			children = (
				C08270C51B4D63A800E343D4 /* Info.plist */,
			);
			name = "Supporting Files";
			sourceTree = "<group>";
		};
		C08270D91B4D63A800E343D4 /* GSignInTests */ = {
			isa = PBXGroup;
			children = (
				C08270DC1B4D63A800E343D4 /* GSignInTests.swift */,
				C08270DA1B4D63A800E343D4 /* Supporting Files */,
			);
			path = GSignInTests;
			sourceTree = "<group>";
		};
		C08270DA1B4D63A800E343D4 /* Supporting Files */ = {
			isa = PBXGroup;
			children = (
				C08270DB1B4D63A800E343D4 /* Info.plist */,
			);
			name = "Supporting Files";
			sourceTree = "<group>";
		};
/* End PBXGroup section */

/* Begin PBXNativeTarget section */
		C08270C01B4D63A800E343D4 /* GSignIn */ = {
			isa = PBXNativeTarget;
			buildConfigurationList = C08270E01B4D63A800E343D4 /* Build configuration list for PBXNativeTarget "GSignIn" */;
			buildPhases = (
				C08270BD1B4D63A800E343D4 /* Sources */,
				C08270BE1B4D63A800E343D4 /* Frameworks */,
				C08270BF1B4D63A800E343D4 /* Resources */,
			);
			buildRules = (
			);
			dependencies = (
			);
			name = GSignIn;
			productName = GSignIn;
			productReference = C08270C11B4D63A800E343D4 /* GSignIn.app */;
			productType = "com.apple.product-type.application";
		};
		C08270D51B4D63A800E343D4 /* GSignInTests */ = {
			isa = PBXNativeTarget;
			buildConfigurationList = C08270E31B4D63A800E343D4 /* Build configuration list for PBXNativeTarget "GSignInTests" */;
			buildPhases = (
				C08270D21B4D63A800E343D4 /* Sources */,
				C08270D31B4D63A800E343D4 /* Frameworks */,
				C08270D41B4D63A800E343D4 /* Resources */,
			);
			buildRules = (
			);
			dependencies = (
				C08270D81B4D63A800E343D4 /* PBXTargetDependency */,
			);
			name = GSignInTests;
			productName = GSignInTests;
			productReference = C08270D61B4D63A800E343D4 /* GSignInTests.xctest */;
			productType = "com.apple.product-type.bundle.unit-test";
		};
/* End PBXNativeTarget section */

/* Begin PBXProject section */
		C08270B91B4D63A800E343D4 /* Project object */ = {
			isa = PBXProject;
			attributes = {
				LastUpgradeCheck = 0630;
				ORGANIZATIONNAME = Appcoda;
				TargetAttributes = {
					C08270C01B4D63A800E343D4 = {
						CreatedOnToolsVersion = 6.3;
						LastSwiftMigration = 0800;
					};
					C08270D51B4D63A800E343D4 = {
						CreatedOnToolsVersion = 6.3;
						LastSwiftMigration = 0800;
						TestTargetID = C08270C01B4D63A800E343D4;
					};
				};
			};
			buildConfigurationList = C08270BC1B4D63A800E343D4 /* Build configuration list for PBXProject "GSignIn" */;
			compatibilityVersion = "Xcode 3.2";
			developmentRegion = English;
			hasScannedForEncodings = 0;
			knownRegions = (
				en,
				Base,
			);
			mainGroup = C08270B81B4D63A800E343D4;
			productRefGroup = C08270C21B4D63A800E343D4 /* Products */;
			projectDirPath = "";
			projectRoot = "";
			targets = (
				C08270C01B4D63A800E343D4 /* GSignIn */,
				C08270D51B4D63A800E343D4 /* GSignInTests */,
			);
		};
/* End PBXProject section */

/* Begin PBXResourcesBuildPhase section */
		C08270BF1B4D63A800E343D4 /* Resources */ = {
			isa = PBXResourcesBuildPhase;
			buildActionMask = 2147483647;
			files = (
				C08270EE1B4D6A1800E343D4 /* GoogleSignIn.bundle in Resources */,
				C08270CC1B4D63A800E343D4 /* Main.storyboard in Resources */,
				6E719E7F1DAFA289008BB233 /* GoogleService-Info.plist in Resources */,
				C08270D11B4D63A800E343D4 /* LaunchScreen.xib in Resources */,
				C08270CE1B4D63A800E343D4 /* Images.xcassets in Resources */,
			);
			runOnlyForDeploymentPostprocessing = 0;
		};
		C08270D41B4D63A800E343D4 /* Resources */ = {
			isa = PBXResourcesBuildPhase;
			buildActionMask = 2147483647;
			files = (
			);
			runOnlyForDeploymentPostprocessing = 0;
		};
/* End PBXResourcesBuildPhase section */

/* Begin PBXSourcesBuildPhase section */
		C08270BD1B4D63A800E343D4 /* Sources */ = {
			isa = PBXSourcesBuildPhase;
			buildActionMask = 2147483647;
			files = (
				C08270C91B4D63A800E343D4 /* ViewController.swift in Sources */,
				C08270E71B4D641D00E343D4 /* ContentViewController.swift in Sources */,
				C08270C71B4D63A800E343D4 /* AppDelegate.swift in Sources */,
			);
			runOnlyForDeploymentPostprocessing = 0;
		};
		C08270D21B4D63A800E343D4 /* Sources */ = {
			isa = PBXSourcesBuildPhase;
			buildActionMask = 2147483647;
			files = (
				C08270DD1B4D63A800E343D4 /* GSignInTests.swift in Sources */,
			);
			runOnlyForDeploymentPostprocessing = 0;
		};
/* End PBXSourcesBuildPhase section */

/* Begin PBXTargetDependency section */
		C08270D81B4D63A800E343D4 /* PBXTargetDependency */ = {
			isa = PBXTargetDependency;
			target = C08270C01B4D63A800E343D4 /* GSignIn */;
			targetProxy = C08270D71B4D63A800E343D4 /* PBXContainerItemProxy */;
		};
/* End PBXTargetDependency section */

/* Begin PBXVariantGroup section */
		C08270CA1B4D63A800E343D4 /* Main.storyboard */ = {
			isa = PBXVariantGroup;
			children = (
				C08270CB1B4D63A800E343D4 /* Base */,
			);
			name = Main.storyboard;
			sourceTree = "<group>";
		};
		C08270CF1B4D63A800E343D4 /* LaunchScreen.xib */ = {
			isa = PBXVariantGroup;
			children = (
				C08270D01B4D63A800E343D4 /* Base */,
			);
			name = LaunchScreen.xib;
			sourceTree = "<group>";
		};
/* End PBXVariantGroup section */

/* Begin XCBuildConfiguration section */
		C08270DE1B4D63A800E343D4 /* Debug */ = {
			isa = XCBuildConfiguration;
			buildSettings = {
				ALWAYS_SEARCH_USER_PATHS = NO;
				CLANG_CXX_LANGUAGE_STANDARD = "gnu++0x";
				CLANG_CXX_LIBRARY = "libc++";
				CLANG_ENABLE_MODULES = YES;
				CLANG_ENABLE_OBJC_ARC = YES;
				CLANG_WARN_BOOL_CONVERSION = YES;
				CLANG_WARN_CONSTANT_CONVERSION = YES;
				CLANG_WARN_DIRECT_OBJC_ISA_USAGE = YES_ERROR;
				CLANG_WARN_EMPTY_BODY = YES;
				CLANG_WARN_ENUM_CONVERSION = YES;
				CLANG_WARN_INT_CONVERSION = YES;
				CLANG_WARN_OBJC_ROOT_CLASS = YES_ERROR;
				CLANG_WARN_UNREACHABLE_CODE = YES;
				CLANG_WARN__DUPLICATE_METHOD_MATCH = YES;
				"CODE_SIGN_IDENTITY[sdk=iphoneos*]" = "iPhone Developer";
				COPY_PHASE_STRIP = NO;
				DEBUG_INFORMATION_FORMAT = "dwarf-with-dsym";
				ENABLE_STRICT_OBJC_MSGSEND = YES;
				GCC_C_LANGUAGE_STANDARD = gnu99;
				GCC_DYNAMIC_NO_PIC = NO;
				GCC_NO_COMMON_BLOCKS = YES;
				GCC_OPTIMIZATION_LEVEL = 0;
				GCC_PREPROCESSOR_DEFINITIONS = (
					"DEBUG=1",
					"$(inherited)",
				);
				GCC_SYMBOLS_PRIVATE_EXTERN = NO;
				GCC_WARN_64_TO_32_BIT_CONVERSION = YES;
				GCC_WARN_ABOUT_RETURN_TYPE = YES_ERROR;
				GCC_WARN_UNDECLARED_SELECTOR = YES;
				GCC_WARN_UNINITIALIZED_AUTOS = YES_AGGRESSIVE;
				GCC_WARN_UNUSED_FUNCTION = YES;
				GCC_WARN_UNUSED_VARIABLE = YES;
				IPHONEOS_DEPLOYMENT_TARGET = 8.3;
				MTL_ENABLE_DEBUG_INFO = YES;
				ONLY_ACTIVE_ARCH = YES;
				SDKROOT = iphoneos;
				SWIFT_OPTIMIZATION_LEVEL = "-Onone";
			};
			name = Debug;
		};
		C08270DF1B4D63A800E343D4 /* Release */ = {
			isa = XCBuildConfiguration;
			buildSettings = {
				ALWAYS_SEARCH_USER_PATHS = NO;
				CLANG_CXX_LANGUAGE_STANDARD = "gnu++0x";
				CLANG_CXX_LIBRARY = "libc++";
				CLANG_ENABLE_MODULES = YES;
				CLANG_ENABLE_OBJC_ARC = YES;
				CLANG_WARN_BOOL_CONVERSION = YES;
				CLANG_WARN_CONSTANT_CONVERSION = YES;
				CLANG_WARN_DIRECT_OBJC_ISA_USAGE = YES_ERROR;
				CLANG_WARN_EMPTY_BODY = YES;
				CLANG_WARN_ENUM_CONVERSION = YES;
				CLANG_WARN_INT_CONVERSION = YES;
				CLANG_WARN_OBJC_ROOT_CLASS = YES_ERROR;
				CLANG_WARN_UNREACHABLE_CODE = YES;
				CLANG_WARN__DUPLICATE_METHOD_MATCH = YES;
				"CODE_SIGN_IDENTITY[sdk=iphoneos*]" = "iPhone Developer";
				COPY_PHASE_STRIP = NO;
				DEBUG_INFORMATION_FORMAT = "dwarf-with-dsym";
				ENABLE_NS_ASSERTIONS = NO;
				ENABLE_STRICT_OBJC_MSGSEND = YES;
				GCC_C_LANGUAGE_STANDARD = gnu99;
				GCC_NO_COMMON_BLOCKS = YES;
				GCC_WARN_64_TO_32_BIT_CONVERSION = YES;
				GCC_WARN_ABOUT_RETURN_TYPE = YES_ERROR;
				GCC_WARN_UNDECLARED_SELECTOR = YES;
				GCC_WARN_UNINITIALIZED_AUTOS = YES_AGGRESSIVE;
				GCC_WARN_UNUSED_FUNCTION = YES;
				GCC_WARN_UNUSED_VARIABLE = YES;
				IPHONEOS_DEPLOYMENT_TARGET = 8.3;
				MTL_ENABLE_DEBUG_INFO = NO;
				SDKROOT = iphoneos;
				VALIDATE_PRODUCT = YES;
			};
			name = Release;
		};
		C08270E11B4D63A800E343D4 /* Debug */ = {
			isa = XCBuildConfiguration;
			buildSettings = {
				ASSETCATALOG_COMPILER_APPICON_NAME = AppIcon;
				CLANG_ENABLE_MODULES = YES;
				FRAMEWORK_SEARCH_PATHS = (
					"$(inherited)",
					"$(PROJECT_DIR)/GSignIn",
				);
				INFOPLIST_FILE = GSignIn/Info.plist;
				IPHONEOS_DEPLOYMENT_TARGET = 8.0;
				LD_RUNPATH_SEARCH_PATHS = "$(inherited) @executable_path/Frameworks";
				OTHER_LDFLAGS = "-ObjC";
				PRODUCT_BUNDLE_IDENTIFIER = com.appcoda.GSignIn;
				PRODUCT_NAME = "$(TARGET_NAME)";
				SWIFT_OBJC_BRIDGING_HEADER = "GSignIn/GSignIn-Bridging-Header.h";
				SWIFT_OPTIMIZATION_LEVEL = "-Onone";
				SWIFT_VERSION = 3.0;
			};
			name = Debug;
		};
		C08270E21B4D63A800E343D4 /* Release */ = {
			isa = XCBuildConfiguration;
			buildSettings = {
				ASSETCATALOG_COMPILER_APPICON_NAME = AppIcon;
				CLANG_ENABLE_MODULES = YES;
				FRAMEWORK_SEARCH_PATHS = (
					"$(inherited)",
					"$(PROJECT_DIR)/GSignIn",
				);
				INFOPLIST_FILE = GSignIn/Info.plist;
				IPHONEOS_DEPLOYMENT_TARGET = 8.0;
				LD_RUNPATH_SEARCH_PATHS = "$(inherited) @executable_path/Frameworks";
				OTHER_LDFLAGS = "-ObjC";
				PRODUCT_BUNDLE_IDENTIFIER = com.appcoda.GSignIn;
				PRODUCT_NAME = "$(TARGET_NAME)";
				SWIFT_OBJC_BRIDGING_HEADER = "GSignIn/GSignIn-Bridging-Header.h";
				SWIFT_VERSION = 3.0;
			};
			name = Release;
		};
		C08270E41B4D63A800E343D4 /* Debug */ = {
			isa = XCBuildConfiguration;
			buildSettings = {
				BUNDLE_LOADER = "$(TEST_HOST)";
				FRAMEWORK_SEARCH_PATHS = (
					"$(SDKROOT)/Developer/Library/Frameworks",
					"$(inherited)",
				);
				GCC_PREPROCESSOR_DEFINITIONS = (
					"DEBUG=1",
					"$(inherited)",
				);
				INFOPLIST_FILE = GSignInTests/Info.plist;
				LD_RUNPATH_SEARCH_PATHS = "$(inherited) @executable_path/Frameworks @loader_path/Frameworks";
				PRODUCT_NAME = "$(TARGET_NAME)";
				SWIFT_VERSION = 3.0;
				TEST_HOST = "$(BUILT_PRODUCTS_DIR)/GSignIn.app/GSignIn";
			};
			name = Debug;
		};
		C08270E51B4D63A800E343D4 /* Release */ = {
			isa = XCBuildConfiguration;
			buildSettings = {
				BUNDLE_LOADER = "$(TEST_HOST)";
				FRAMEWORK_SEARCH_PATHS = (
					"$(SDKROOT)/Developer/Library/Frameworks",
					"$(inherited)",
				);
				INFOPLIST_FILE = GSignInTests/Info.plist;
				LD_RUNPATH_SEARCH_PATHS = "$(inherited) @executable_path/Frameworks @loader_path/Frameworks";
				PRODUCT_NAME = "$(TARGET_NAME)";
				SWIFT_VERSION = 3.0;
				TEST_HOST = "$(BUILT_PRODUCTS_DIR)/GSignIn.app/GSignIn";
			};
			name = Release;
		};
/* End XCBuildConfiguration section */

/* Begin XCConfigurationList section */
		C08270BC1B4D63A800E343D4 /* Build configuration list for PBXProject "GSignIn" */ = {
			isa = XCConfigurationList;
			buildConfigurations = (
				C08270DE1B4D63A800E343D4 /* Debug */,
				C08270DF1B4D63A800E343D4 /* Release */,
			);
			defaultConfigurationIsVisible = 0;
			defaultConfigurationName = Release;
		};
		C08270E01B4D63A800E343D4 /* Build configuration list for PBXNativeTarget "GSignIn" */ = {
			isa = XCConfigurationList;
			buildConfigurations = (
				C08270E11B4D63A800E343D4 /* Debug */,
				C08270E21B4D63A800E343D4 /* Release */,
			);
			defaultConfigurationIsVisible = 0;
			defaultConfigurationName = Release;
		};
		C08270E31B4D63A800E343D4 /* Build configuration list for PBXNativeTarget "GSignInTests" */ = {
			isa = XCConfigurationList;
			buildConfigurations = (
				C08270E41B4D63A800E343D4 /* Debug */,
				C08270E51B4D63A800E343D4 /* Release */,
			);
			defaultConfigurationIsVisible = 0;
			defaultConfigurationName = Release;
		};
/* End XCConfigurationList section */
	};
	rootObject = C08270B91B4D63A800E343D4 /* Project object */;
}
